{
  "nodes": {
    "nixpkgs": {
      "locked": {
        "lastModified": 1782375420,
        "narHash": "sha256-f+/IH5ng5P91VHrhcNxqpW2RYDySD68V1fcX00COQy4=",
        "rev": "4062d36ebeae843c750011eef6b61ec9a9dbc9a9",
        "type": "tarball",
        "url": "https://releases.nixos.org/nixos/26.05/nixos-26.05.3250.4062d36ebeae/nixexprs.tar.xz"
      },
      "original": {
        "id": "nixpkgs",
        "ref": "nixos-26.05",
        "type": "indirect"
      }
    },
    "nixpkgs_2": {
      "locked": {
        "lastModified": 1782467914,
        "narHash": "sha256-pGvFkM8N0xEkIIXDe5YYfbEAvHrk4IxBrjB/x8OomhE=",
        "owner": "NixOS",
        "repo": "nixpkgs",
        "rev": "e73de5be04e0eff4190a1432b946d469c794e7b4",
        "type": "github"
      },
      "original": {
        "owner": "NixOS",
        "ref": "nixos-unstable",
        "repo": "nixpkgs",
        "type": "github"
      }
    },
    "root": {
      "inputs": {
        "nixpkgs": "nixpkgs",
        "zapret-discord-youtube": "zapret-discord-youtube"
      }
    },
    "zapret-discord-youtube": {
      "inputs": {
        "nixpkgs": "nixpkgs_2",
        "zapret-flowseal": "zapret-flowseal"
      },
      "locked": {
        "lastModified": 1782499723,
        "narHash": "sha256-Q9w9hxzimX0O0wqQTfMJk/tEIvRtYI7GclLHSQAatKY=",
        "owner": "kartavkun",
        "repo": "zapret-discord-youtube",
        "rev": "0951ba541a3523b298c0e787ceec43883191cd58",
        "type": "github"
      },
      "original": {
        "owner": "kartavkun",
        "repo": "zapret-discord-youtube",
        "type": "github"
      }
    },
    "zapret-flowseal": {
      "flake": false,
      "locked": {
        "lastModified": 1782227480,
        "narHash": "sha256-OJ14gttWLGVkwG4XR5LZdK2UOxMhIjwdrGo7x8YSiNE=",
        "owner": "Flowseal",
        "repo": "zapret-discord-youtube",
        "rev": "d3aabff5d86b9be1cfbcb5b78a7a5b8354a2badb",
        "type": "github"
      },
      "original": {
        "owner": "Flowseal",
        "repo": "zapret-discord-youtube",
        "type": "github"
      }
    }
  },
  "root": "root",
  "version": 7
}
